{
  "requires": true,
  "lockfileVersion": 1,
  "dependencies": {
    "vue-products-grid": {
      "version": "0.1.3",
      "resolved": "https://registry.npmjs.org/vue-products-grid/-/vue-products-grid-0.1.3.tgz",
      "integrity": "sha512-oGJM3tOesxMMio65qgKZFSOuxypRZK8QglPJMkelZKV3ccL/lAStK8xg0mR/UKjKX2Ww1S2TLAPl1FPr+LUXNA=="
    }
  }
}
